
Microsoft Visual Studio Solution File, Format Version 12.00
# Visual Studio Version 17
VisualStudioVersion = 17.0.31903.59
MinimumVisualStudioVersion = 10.0.40219.1
Project("{2150E333-8FDC-42A3-9474-1A3956D46DE8}") = "MyGames", "MyGames", "{CE83F482-FA65-42F2-8A50-06055EE17B07}"
EndProject
Project("{2150E333-8FDC-42A3-9474-1A3956D46DE8}") = "src", "src", "{533D84A7-77CC-4B16-88B4-BE801EDC6C73}"
EndProject
Project("{FAE04EC0-301F-11D3-BF4B-00C04F79EFBC}") = "MyGames.Core", "MyGames\src\MyGames.Core\MyGames.Core.csproj", "{4236030B-05D8-498C-B753-D4811BD34B65}"
EndProject
Project("{FAE04EC0-301F-11D3-BF4B-00C04F79EFBC}") = "MyGames.Infrastructure", "MyGames\src\MyGames.Infrastructure\MyGames.Infrastructure.csproj", "{6CE32490-0601-475C-B02F-65A9FA22653B}"
EndProject
Project("{FAE04EC0-301F-11D3-BF4B-00C04F79EFBC}") = "MyGames.Presentation", "MyGames\src\MyGames.Presentation\MyGames.Presentation.csproj", "{AF6F6BFA-AE2C-45A9-859F-8537B3B5DAE8}"
EndProject
Project("{2150E333-8FDC-42A3-9474-1A3956D46DE8}") = "test", "test", "{AAAEA8C3-D9ED-45EA-AAA0-119321781620}"
EndProject
Project("{FAE04EC0-301F-11D3-BF4B-00C04F79EFBC}") = "MyGames.Infrastructure.Tests", "MyGames\test\MyGames.Infrastructure.Tests\MyGames.Infrastructure.Tests.csproj", "{C7DD570D-CA7B-4332-8A1F-E059DE1EE943}"
EndProject
Global
	GlobalSection(SolutionConfigurationPlatforms) = preSolution
		Debug|Any CPU = Debug|Any CPU
		Release|Any CPU = Release|Any CPU
	EndGlobalSection
	GlobalSection(SolutionProperties) = preSolution
		HideSolutionNode = FALSE
	EndGlobalSection
	GlobalSection(ProjectConfigurationPlatforms) = postSolution
		{4236030B-05D8-498C-B753-D4811BD34B65}.Debug|Any CPU.ActiveCfg = Debug|Any CPU
		{4236030B-05D8-498C-B753-D4811BD34B65}.Debug|Any CPU.Build.0 = Debug|Any CPU
		{4236030B-05D8-498C-B753-D4811BD34B65}.Release|Any CPU.ActiveCfg = Release|Any CPU
		{4236030B-05D8-498C-B753-D4811BD34B65}.Release|Any CPU.Build.0 = Release|Any CPU
		{6CE32490-0601-475C-B02F-65A9FA22653B}.Debug|Any CPU.ActiveCfg = Debug|Any CPU
		{6CE32490-0601-475C-B02F-65A9FA22653B}.Debug|Any CPU.Build.0 = Debug|Any CPU
		{6CE32490-0601-475C-B02F-65A9FA22653B}.Release|Any CPU.ActiveCfg = Release|Any CPU
		{6CE32490-0601-475C-B02F-65A9FA22653B}.Release|Any CPU.Build.0 = Release|Any CPU
		{AF6F6BFA-AE2C-45A9-859F-8537B3B5DAE8}.Debug|Any CPU.ActiveCfg = Debug|Any CPU
		{AF6F6BFA-AE2C-45A9-859F-8537B3B5DAE8}.Debug|Any CPU.Build.0 = Debug|Any CPU
		{AF6F6BFA-AE2C-45A9-859F-8537B3B5DAE8}.Release|Any CPU.ActiveCfg = Release|Any CPU
		{AF6F6BFA-AE2C-45A9-859F-8537B3B5DAE8}.Release|Any CPU.Build.0 = Release|Any CPU
		{C7DD570D-CA7B-4332-8A1F-E059DE1EE943}.Debug|Any CPU.ActiveCfg = Debug|Any CPU
		{C7DD570D-CA7B-4332-8A1F-E059DE1EE943}.Debug|Any CPU.Build.0 = Debug|Any CPU
		{C7DD570D-CA7B-4332-8A1F-E059DE1EE943}.Release|Any CPU.ActiveCfg = Release|Any CPU
		{C7DD570D-CA7B-4332-8A1F-E059DE1EE943}.Release|Any CPU.Build.0 = Release|Any CPU
	EndGlobalSection
	GlobalSection(NestedProjects) = preSolution
		{533D84A7-77CC-4B16-88B4-BE801EDC6C73} = {CE83F482-FA65-42F2-8A50-06055EE17B07}
		{4236030B-05D8-498C-B753-D4811BD34B65} = {533D84A7-77CC-4B16-88B4-BE801EDC6C73}
		{6CE32490-0601-475C-B02F-65A9FA22653B} = {533D84A7-77CC-4B16-88B4-BE801EDC6C73}
		{AF6F6BFA-AE2C-45A9-859F-8537B3B5DAE8} = {533D84A7-77CC-4B16-88B4-BE801EDC6C73}
		{AAAEA8C3-D9ED-45EA-AAA0-119321781620} = {CE83F482-FA65-42F2-8A50-06055EE17B07}
		{C7DD570D-CA7B-4332-8A1F-E059DE1EE943} = {AAAEA8C3-D9ED-45EA-AAA0-119321781620}
	EndGlobalSection
EndGlobal
