
Microsoft Visual Studio Solution File, Format Version 12.00
# Visual Studio Version 17
VisualStudioVersion = 17.5.002.0
MinimumVisualStudioVersion = 10.0.40219.1
Project("{9A19103F-16F7-4668-BE54-9A1E7A4F7556}") = "MyGames.Tests", "MyGames.Tests.csproj", "{F9AECD46-31EE-4B80-AE47-69170EE27C8A}"
EndProject
Global
	GlobalSection(SolutionConfigurationPlatforms) = preSolution
		Debug|Any CPU = Debug|Any CPU
		Release|Any CPU = Release|Any CPU
	EndGlobalSection
	GlobalSection(ProjectConfigurationPlatforms) = postSolution
		{F9AECD46-31EE-4B80-AE47-69170EE27C8A}.Debug|Any CPU.ActiveCfg = Debug|Any CPU
		{F9AECD46-31EE-4B80-AE47-69170EE27C8A}.Debug|Any CPU.Build.0 = Debug|Any CPU
		{F9AECD46-31EE-4B80-AE47-69170EE27C8A}.Release|Any CPU.ActiveCfg = Release|Any CPU
		{F9AECD46-31EE-4B80-AE47-69170EE27C8A}.Release|Any CPU.Build.0 = Release|Any CPU
	EndGlobalSection
	GlobalSection(SolutionProperties) = preSolution
		HideSolutionNode = FALSE
	EndGlobalSection
	GlobalSection(ExtensibilityGlobals) = postSolution
		SolutionGuid = {B5150C61-1514-4E91-9293-9F21CA53CCF1}
	EndGlobalSection
EndGlobal
